
Microsoft Visual Studio Solution File, Format Version 12.00
# Visual Studio Version 16
VisualStudioVersion = 16.0.31112.23
MinimumVisualStudioVersion = 10.0.40219.1
Project("{FAE04EC0-301F-11D3-BF4B-00C04F79EFBC}") = "labMIET_2_260321", "labMIET_2_260321\labMIET_2_260321.csproj", "{D0476799-3311-4023-8D90-AD2A79E44DD3}"
EndProject
Global
	GlobalSection(SolutionConfigurationPlatforms) = preSolution
		Debug|Any CPU = Debug|Any CPU
		Release|Any CPU = Release|Any CPU
	EndGlobalSection
	GlobalSection(ProjectConfigurationPlatforms) = postSolution
		{D0476799-3311-4023-8D90-AD2A79E44DD3}.Debug|Any CPU.ActiveCfg = Debug|Any CPU
		{D0476799-3311-4023-8D90-AD2A79E44DD3}.Debug|Any CPU.Build.0 = Debug|Any CPU
		{D0476799-3311-4023-8D90-AD2A79E44DD3}.Release|Any CPU.ActiveCfg = Release|Any CPU
		{D0476799-3311-4023-8D90-AD2A79E44DD3}.Release|Any CPU.Build.0 = Release|Any CPU
	EndGlobalSection
	GlobalSection(SolutionProperties) = preSolution
		HideSolutionNode = FALSE
	EndGlobalSection
	GlobalSection(ExtensibilityGlobals) = postSolution
		SolutionGuid = {A649BE5E-0EB5-4095-8005-031EBFC6D5C4}
	EndGlobalSection
EndGlobal
